<?xml version="1.0" encoding="utf-8"?>
<Project ToolsVersion="4.0" xmlns="http://schemas.microsoft.com/developer/msbuild/2003">
  <ItemGroup>
    <Filter Include="Source Files">
      <UniqueIdentifier>{4FC737F1-C7A5-4376-A066-2A32D752A2FF}</UniqueIdentifier>
      <Extensions>cpp;c;cc;cxx;def;odl;idl;hpj;bat;asm;asmx</Extensions>
    </Filter>
    <Filter Include="Header Files">
      <UniqueIdentifier>{93995380-89BD-4b04-88EB-625FBE52EBFB}</UniqueIdentifier>
      <Extensions>h;hpp;hxx;hm;inl;inc;xsd</Extensions>
    </Filter>
    <Filter Include="Resource Files">
      <UniqueIdentifier>{67DA6AB6-F800-4c08-8B7A-83BB121AAD01}</UniqueIdentifier>
      <Extensions>rc;ico;cur;bmp;dlg;rc2;rct;bin;rgs;gif;jpg;jpeg;jpe;resx;tiff;tif;png;wav;mfcribbon-ms</Extensions>
    </Filter>
    <Filter Include="Resource Files\Graphics">
      <UniqueIdentifier>{f6ebd728-b9e1-4f62-9173-59991fd697e8}</UniqueIdentifier>
      <Extensions>png</Extensions>
    </Filter>
    <Filter Include="Resource Files\Audio">
      <UniqueIdentifier>{c4c0dfef-ccc3-43a7-8336-0e95223093ee}</UniqueIdentifier>
      <Extensions>ogg;wav</Extensions>
    </Filter>
    <Filter Include="Resource Files\Graphics\Sprites">
      <UniqueIdentifier>{b581302a-391f-4c43-844b-6954147de32a}</UniqueIdentifier>
    </Filter>
    <Filter Include="Resource Files\Graphics\Menu">
      <UniqueIdentifier>{7c3e46d9-ad68-49a6-b6b6-3fa11b9daf94}</UniqueIdentifier>
    </Filter>
    <Filter Include="Resource Files\Graphics\Effects">
      <UniqueIdentifier>{a12df50e-64f8-4ebb-82b4-de623df7efb8}</UniqueIdentifier>
    </Filter>
    <Filter Include="Resource Files\Graphics\HUD">
      <UniqueIdentifier>{36bef937-9a96-40e6-bb02-3717280b3a55}</UniqueIdentifier>
    </Filter>
    <Filter Include="Resource Files\Audio\Music">
      <UniqueIdentifier>{0d11b921-fd81-42eb-a7e1-d5f041d6305b}</UniqueIdentifier>
      <Extensions>ogg</Extensions>
    </Filter>
    <Filter Include="Resource Files\Audio\SFX">
      <UniqueIdentifier>{7d46dfc2-f03b-44d5-b78e-62377eed489f}</UniqueIdentifier>
      <Extensions>wav</Extensions>
    </Filter>
    <Filter Include="Resource Files\Graphics\Fonts">
      <UniqueIdentifier>{486ff5b4-c68d-4a51-820f-0c6c877b7e8f}</UniqueIdentifier>
    </Filter>
    <Filter Include="Resource Files\Levels">
      <UniqueIdentifier>{2511bedb-85a6-4b2a-8fb0-d955136bd43c}</UniqueIdentifier>
    </Filter>
    <Filter Include="Resource Files\Levels\tiles16">
      <UniqueIdentifier>{7d55e473-b099-430f-87ee-85bb994bbf19}</UniqueIdentifier>
    </Filter>
    <Filter Include="Resource Files\Levels\tiles32">
      <UniqueIdentifier>{2509ebcb-7f7a-42cf-833b-e94102989442}</UniqueIdentifier>
    </Filter>
    <Filter Include="Resource Files\Levels\tiles64">
      <UniqueIdentifier>{54a4f091-1985-42ce-9b00-86538239c65f}</UniqueIdentifier>
    </Filter>
    <Filter Include="Resource Files\Levels\tiles128">
      <UniqueIdentifier>{14d16c13-dd4a-454d-b1d5-f65ad5a5ddb6}</UniqueIdentifier>
    </Filter>
    <Filter Include="Resource Files\Graphics\Levels">
      <UniqueIdentifier>{b4a2e4d3-8e9a-43a5-bf80-63b85f44703d}</UniqueIdentifier>
    </Filter>
    <Filter Include="Resource Files\Graphics\Levels\0 - LOWAS">
      <UniqueIdentifier>{fc0b9ef9-1132-4bc9-9bda-082aa2167d3d}</UniqueIdentifier>
    </Filter>
    <Filter Include="Resource Files\Graphics\Levels\0 - LOWAS\tiles">
      <UniqueIdentifier>{b3ea2986-7be5-490f-9ea2-15c26bf99e1e}</UniqueIdentifier>
    </Filter>
  </ItemGroup>
  <ItemGroup>
    <ClCompile Include="Source\Source.cpp">
      <Filter>Source Files</Filter>
    </ClCompile>
    <ClCompile Include="Source\Game.cpp">
      <Filter>Source Files</Filter>
    </ClCompile>
    <ClCompile Include="Source\Character.cpp">
      <Filter>Source Files</Filter>
    </ClCompile>
    <ClCompile Include="Source\BoundingBox.cpp">
      <Filter>Source Files</Filter>
    </ClCompile>
    <ClCompile Include="Source\John.cpp">
      <Filter>Source Files</Filter>
    </ClCompile>
    <ClCompile Include="Source\Rose.cpp">
      <Filter>Source Files</Filter>
    </ClCompile>
    <ClCompile Include="Source\Cursor.cpp">
      <Filter>Source Files</Filter>
    </ClCompile>
    <ClCompile Include="Source\Tile.cpp">
      <Filter>Source Files</Filter>
    </ClCompile>
    <ClCompile Include="Source\Reader.cpp">
      <Filter>Source Files</Filter>
    </ClCompile>
  </ItemGroup>
  <ItemGroup>
    <ClInclude Include="Header\Game.h">
      <Filter>Header Files</Filter>
    </ClInclude>
    <ClInclude Include="Header\Character.h">
      <Filter>Header Files</Filter>
    </ClInclude>
    <ClInclude Include="Header\BoundingBox.h">
      <Filter>Header Files</Filter>
    </ClInclude>
    <ClInclude Include="Header\John.h">
      <Filter>Header Files</Filter>
    </ClInclude>
    <ClInclude Include="Header\Rose.h">
      <Filter>Header Files</Filter>
    </ClInclude>
    <ClInclude Include="Header\Cursor.h">
      <Filter>Header Files</Filter>
    </ClInclude>
    <ClInclude Include="Header\Tile.h">
      <Filter>Header Files</Filter>
    </ClInclude>
    <ClInclude Include="Header\Reader.h">
      <Filter>Header Files</Filter>
    </ClInclude>
  </ItemGroup>
  <ItemGroup>
    <Image Include="Graphics\Sprites\john.png">
      <Filter>Resource Files\Graphics\Sprites</Filter>
    </Image>
    <Image Include="Graphics\Sprites\rose.png">
      <Filter>Resource Files\Graphics\Sprites</Filter>
    </Image>
    <Image Include="Graphics\Menu\title.png">
      <Filter>Resource Files\Graphics\Menu</Filter>
    </Image>
    <Image Include="Graphics\Fonts\mainFnt.png">
      <Filter>Resource Files\Graphics\Fonts</Filter>
    </Image>
    <Image Include="Graphics\Menu\cursor.png">
      <Filter>Resource Files\Graphics\Menu</Filter>
    </Image>
    <Image Include="Graphics\Fonts\mainFnt_2X.png">
      <Filter>Resource Files\Graphics\Fonts</Filter>
    </Image>
    <Image Include="Graphics\Fonts\mainFnt_3X.png">
      <Filter>Resource Files\Graphics\Fonts</Filter>
    </Image>
    <Image Include="Graphics\Fonts\mainFnt_4X.png">
      <Filter>Resource Files\Graphics\Fonts</Filter>
    </Image>
    <Image Include="Levels\tiles16\tiles16_0.png">
      <Filter>Resource Files\Levels\tiles16</Filter>
    </Image>
    <Image Include="Levels\tiles16\tiles16_1.png">
      <Filter>Resource Files\Levels\tiles16</Filter>
    </Image>
    <Image Include="Levels\tiles16\tiles16_2.png">
      <Filter>Resource Files\Levels\tiles16</Filter>
    </Image>
    <Image Include="Levels\tiles16\tiles16_3.png">
      <Filter>Resource Files\Levels\tiles16</Filter>
    </Image>
    <Image Include="Levels\tiles16\tiles16_4.png">
      <Filter>Resource Files\Levels\tiles16</Filter>
    </Image>
    <Image Include="Levels\tiles16\tiles16_5.png">
      <Filter>Resource Files\Levels\tiles16</Filter>
    </Image>
    <Image Include="Levels\tiles16\tiles16_6.png">
      <Filter>Resource Files\Levels\tiles16</Filter>
    </Image>
    <Image Include="Levels\tiles16\tiles16_7.png">
      <Filter>Resource Files\Levels\tiles16</Filter>
    </Image>
    <Image Include="Graphics\Sprites\dave.png">
      <Filter>Resource Files\Graphics\Sprites</Filter>
    </Image>
    <Image Include="Graphics\Sprites\jade.png">
      <Filter>Resource Files\Graphics\Sprites</Filter>
    </Image>
    <Image Include="Graphics\Levels\0 - LOWAS\tiles\0.png">
      <Filter>Resource Files\Graphics\Levels\0 - LOWAS\tiles</Filter>
    </Image>
    <Image Include="Graphics\Levels\0 - LOWAS\tiles\1.png">
      <Filter>Resource Files\Graphics\Levels\0 - LOWAS\tiles</Filter>
    </Image>
    <Image Include="Graphics\Levels\0 - LOWAS\tiles\2.png">
      <Filter>Resource Files\Graphics\Levels\0 - LOWAS\tiles</Filter>
    </Image>
    <Image Include="Graphics\Levels\0 - LOWAS\tiles\3.png">
      <Filter>Resource Files\Graphics\Levels\0 - LOWAS\tiles</Filter>
    </Image>
    <Image Include="Graphics\Levels\0 - LOWAS\tiles\4.png">
      <Filter>Resource Files\Graphics\Levels\0 - LOWAS\tiles</Filter>
    </Image>
    <Image Include="Graphics\Levels\0 - LOWAS\tiles\5.png">
      <Filter>Resource Files\Graphics\Levels\0 - LOWAS\tiles</Filter>
    </Image>
    <Image Include="Graphics\Levels\0 - LOWAS\tiles\6.png">
      <Filter>Resource Files\Graphics\Levels\0 - LOWAS\tiles</Filter>
    </Image>
    <Image Include="Graphics\Levels\0 - LOWAS\tiles\7.png">
      <Filter>Resource Files\Graphics\Levels\0 - LOWAS\tiles</Filter>
    </Image>
  </ItemGroup>
  <ItemGroup>
    <None Include="Levels\tiles32\tiles32_0.tile">
      <Filter>Resource Files\Levels\tiles32</Filter>
    </None>
    <None Include="Levels\tiles32\tiles32_1.tile">
      <Filter>Resource Files\Levels\tiles32</Filter>
    </None>
    <None Include="Levels\tiles32\tiles32_2.tile">
      <Filter>Resource Files\Levels\tiles32</Filter>
    </None>
    <None Include="Levels\tiles32\tiles32_3.tile">
      <Filter>Resource Files\Levels\tiles32</Filter>
    </None>
    <None Include="Levels\tiles32\tiles32_4.tile">
      <Filter>Resource Files\Levels\tiles32</Filter>
    </None>
    <None Include="Levels\tiles32\tiles32_5.tile">
      <Filter>Resource Files\Levels\tiles32</Filter>
    </None>
    <None Include="Levels\tiles32\tiles32_6.tile">
      <Filter>Resource Files\Levels\tiles32</Filter>
    </None>
    <None Include="Levels\tiles32\tiles32_7.tile">
      <Filter>Resource Files\Levels\tiles32</Filter>
    </None>
    <None Include="Levels\tiles32\tiles32_8.tile">
      <Filter>Resource Files\Levels\tiles32</Filter>
    </None>
    <None Include="Levels\tiles32\tiles32_9.tile">
      <Filter>Resource Files\Levels\tiles32</Filter>
    </None>
    <None Include="Levels\tiles32\tiles32_10.tile">
      <Filter>Resource Files\Levels\tiles32</Filter>
    </None>
    <None Include="Levels\tiles32\tiles32_11.tile">
      <Filter>Resource Files\Levels\tiles32</Filter>
    </None>
    <None Include="Levels\tiles32\tiles32_12.tile">
      <Filter>Resource Files\Levels\tiles32</Filter>
    </None>
    <None Include="Levels\tiles32\tiles32_13.tile">
      <Filter>Resource Files\Levels\tiles32</Filter>
    </None>
    <None Include="Levels\tiles32\tiles32_14.tile">
      <Filter>Resource Files\Levels\tiles32</Filter>
    </None>
    <None Include="Levels\tiles32\tiles32_15.tile">
      <Filter>Resource Files\Levels\tiles32</Filter>
    </None>
    <None Include="Levels\tiles64\tiles64_0.tile">
      <Filter>Resource Files\Levels\tiles64</Filter>
    </None>
    <None Include="Levels\tiles64\tiles64_1.tile">
      <Filter>Resource Files\Levels\tiles64</Filter>
    </None>
    <None Include="Levels\tiles64\tiles64_2.tile">
      <Filter>Resource Files\Levels\tiles64</Filter>
    </None>
    <None Include="Levels\tiles64\tiles64_3.tile">
      <Filter>Resource Files\Levels\tiles64</Filter>
    </None>
    <None Include="Levels\tiles64\tiles64_4.tile">
      <Filter>Resource Files\Levels\tiles64</Filter>
    </None>
    <None Include="Levels\tiles64\tiles64_5.tile">
      <Filter>Resource Files\Levels\tiles64</Filter>
    </None>
    <None Include="Levels\tiles64\tiles64_6.tile">
      <Filter>Resource Files\Levels\tiles64</Filter>
    </None>
    <None Include="Levels\tiles64\tiles64_7.tile">
      <Filter>Resource Files\Levels\tiles64</Filter>
    </None>
    <None Include="Levels\tiles64\tiles64_8.tile">
      <Filter>Resource Files\Levels\tiles64</Filter>
    </None>
    <None Include="Levels\tiles128\tiles128_0.tile">
      <Filter>Resource Files\Levels\tiles128</Filter>
    </None>
    <None Include="Levels\tiles128\tiles128_1.tile">
      <Filter>Resource Files\Levels\tiles128</Filter>
    </None>
    <None Include="Audio\Music\character_select.ogg">
      <Filter>Resource Files\Audio\Music</Filter>
    </None>
    <None Include="Audio\Music\title.ogg">
      <Filter>Resource Files\Audio\Music</Filter>
    </None>
    <None Include="Audio\Music\john.ogg">
      <Filter>Resource Files\Audio\Music</Filter>
    </None>
    <None Include="Audio\Music\rose.ogg">
      <Filter>Resource Files\Audio\Music</Filter>
    </None>
    <None Include="Audio\Music\dave.ogg">
      <Filter>Resource Files\Audio\Music</Filter>
    </None>
    <None Include="Audio\Music\jade.ogg">
      <Filter>Resource Files\Audio\Music</Filter>
    </None>
    <None Include="Levels\Battlefield.lvl">
      <Filter>Resource Files\Levels</Filter>
    </None>
    <None Include="Levels\test.lvl">
      <Filter>Resource Files\Levels</Filter>
    </None>
    <None Include="Levels\test3.lvl">
      <Filter>Resource Files\Levels</Filter>
    </None>
    <None Include="Levels\test4.lvl">
      <Filter>Resource Files\Levels</Filter>
    </None>
    <None Include="Levels\test2.lvl">
      <Filter>Resource Files\Levels</Filter>
    </None>
  </ItemGroup>
</Project>